
Microsoft Visual Studio Solution File, Format Version 12.00
# Visual Studio Version 17
VisualStudioVersion = 17.11.35219.272
MinimumVisualStudioVersion = 10.0.40219.1
Project("{9A19103F-16F7-4668-BE54-9A1E7A4F7556}") = "cs-yolo11", "cs\cs-yolo11.csproj", "{030CC205-3687-42FE-BFC2-0AC4C6C29B7A}"
EndProject
Project("{8BC9CEB8-8B4A-11D0-8D11-00A0C91BC942}") = "opencv-wrapper", "cpp\opencv-wrapper\opencv-wrapper.vcxproj", "{D8D67C58-7B91-4782-8BB8-F000E763FA43}"
EndProject
Global
	GlobalSection(SolutionConfigurationPlatforms) = preSolution
		Debug|Any CPU = Debug|Any CPU
		Debug|x64 = Debug|x64
		Debug|x86 = Debug|x86
		Release|Any CPU = Release|Any CPU
		Release|x64 = Release|x64
		Release|x86 = Release|x86
	EndGlobalSection
	GlobalSection(ProjectConfigurationPlatforms) = postSolution
		{030CC205-3687-42FE-BFC2-0AC4C6C29B7A}.Debug|Any CPU.ActiveCfg = Debug|Any CPU
		{030CC205-3687-42FE-BFC2-0AC4C6C29B7A}.Debug|Any CPU.Build.0 = Debug|Any CPU
		{030CC205-3687-42FE-BFC2-0AC4C6C29B7A}.Debug|x64.ActiveCfg = Debug|Any CPU
		{030CC205-3687-42FE-BFC2-0AC4C6C29B7A}.Debug|x64.Build.0 = Debug|Any CPU
		{030CC205-3687-42FE-BFC2-0AC4C6C29B7A}.Debug|x86.ActiveCfg = Debug|Any CPU
		{030CC205-3687-42FE-BFC2-0AC4C6C29B7A}.Debug|x86.Build.0 = Debug|Any CPU
		{030CC205-3687-42FE-BFC2-0AC4C6C29B7A}.Release|Any CPU.ActiveCfg = Release|Any CPU
		{030CC205-3687-42FE-BFC2-0AC4C6C29B7A}.Release|Any CPU.Build.0 = Release|Any CPU
		{030CC205-3687-42FE-BFC2-0AC4C6C29B7A}.Release|x64.ActiveCfg = Release|Any CPU
		{030CC205-3687-42FE-BFC2-0AC4C6C29B7A}.Release|x64.Build.0 = Release|Any CPU
		{030CC205-3687-42FE-BFC2-0AC4C6C29B7A}.Release|x86.ActiveCfg = Release|Any CPU
		{030CC205-3687-42FE-BFC2-0AC4C6C29B7A}.Release|x86.Build.0 = Release|Any CPU
		{D8D67C58-7B91-4782-8BB8-F000E763FA43}.Debug|Any CPU.ActiveCfg = Debug|x64
		{D8D67C58-7B91-4782-8BB8-F000E763FA43}.Debug|Any CPU.Build.0 = Debug|x64
		{D8D67C58-7B91-4782-8BB8-F000E763FA43}.Debug|x64.ActiveCfg = Debug|x64
		{D8D67C58-7B91-4782-8BB8-F000E763FA43}.Debug|x64.Build.0 = Debug|x64
		{D8D67C58-7B91-4782-8BB8-F000E763FA43}.Debug|x86.ActiveCfg = Debug|Win32
		{D8D67C58-7B91-4782-8BB8-F000E763FA43}.Debug|x86.Build.0 = Debug|Win32
		{D8D67C58-7B91-4782-8BB8-F000E763FA43}.Release|Any CPU.ActiveCfg = Release|x64
		{D8D67C58-7B91-4782-8BB8-F000E763FA43}.Release|Any CPU.Build.0 = Release|x64
		{D8D67C58-7B91-4782-8BB8-F000E763FA43}.Release|x64.ActiveCfg = Release|x64
		{D8D67C58-7B91-4782-8BB8-F000E763FA43}.Release|x64.Build.0 = Release|x64
		{D8D67C58-7B91-4782-8BB8-F000E763FA43}.Release|x86.ActiveCfg = Release|Win32
		{D8D67C58-7B91-4782-8BB8-F000E763FA43}.Release|x86.Build.0 = Release|Win32
	EndGlobalSection
	GlobalSection(SolutionProperties) = preSolution
		HideSolutionNode = FALSE
	EndGlobalSection
	GlobalSection(ExtensibilityGlobals) = postSolution
		SolutionGuid = {8EAE79C2-6B77-4D7C-B6C2-A1BB51B05DBB}
	EndGlobalSection
EndGlobal
